<?xml version="1.0" encoding="utf-8"?>
<Project ToolsVersion="4.0" xmlns="http://schemas.microsoft.com/developer/msbuild/2003">
  <ItemGroup>
    <Filter Include="source">
      <UniqueIdentifier>{4FC737F1-C7A5-4376-A066-2A32D752A2FF}</UniqueIdentifier>
      <Extensions>cpp;c;cc;cxx;c++;cppm;ixx;def;odl;idl;hpj;bat;asm;asmx</Extensions>
    </Filter>
    <Filter Include="source\features">
      <UniqueIdentifier>{4c0e8043-4602-49dc-9afb-691033b6408f}</UniqueIdentifier>
    </Filter>
    <Filter Include="source\features\compression">
      <UniqueIdentifier>{a4db2371-67b7-4308-9435-2cbc1b3274e9}</UniqueIdentifier>
    </Filter>
    <Filter Include="source\logic">
      <UniqueIdentifier>{362bac91-4d9b-44cd-a12e-cbc20198ae71}</UniqueIdentifier>
    </Filter>
    <Filter Include="source\logic\encrypt">
      <UniqueIdentifier>{2c1a9b94-e540-416f-8dc4-eaf2c98530e9}</UniqueIdentifier>
    </Filter>
    <Filter Include="source\logic\decrypt">
      <UniqueIdentifier>{56374081-c977-48df-9077-25acfc575ccd}</UniqueIdentifier>
    </Filter>
    <Filter Include="source\settings">
      <UniqueIdentifier>{7d08be1a-c3c9-42e8-848b-5ff17a481515}</UniqueIdentifier>
    </Filter>
    <Filter Include="source\features\s_secretsharing">
      <UniqueIdentifier>{f38b26da-0262-4f7e-819f-d8dbcc610c61}</UniqueIdentifier>
    </Filter>
    <Filter Include="source\features\s_secretsharing\algorithm">
      <UniqueIdentifier>{533b331c-6b74-453a-ac8e-2f7b587a660c}</UniqueIdentifier>
    </Filter>
  </ItemGroup>
  <ItemGroup>
    <ClCompile Include="source\main.cpp">
      <Filter>source</Filter>
    </ClCompile>
    <ClCompile Include="source\settings\settings.cpp">
      <Filter>source\settings</Filter>
    </ClCompile>
    <ClCompile Include="source\features\compression\compression.cpp">
      <Filter>source\features\compression</Filter>
    </ClCompile>
    <ClCompile Include="source\logic\encrypt\encrypt.cpp">
      <Filter>source\logic\encrypt</Filter>
    </ClCompile>
    <ClCompile Include="source\logic\decrypt\decrypt.cpp">
      <Filter>source\logic\decrypt</Filter>
    </ClCompile>
    <ClCompile Include="source\features\s_secretsharing\algorithm\sss.cpp">
      <Filter>source\features\s_secretsharing\algorithm</Filter>
    </ClCompile>
    <ClCompile Include="source\features\s_secretsharing\sss_shares.cpp">
      <Filter>source\features\s_secretsharing</Filter>
    </ClCompile>
  </ItemGroup>
  <ItemGroup>
    <ClInclude Include="source\common.h">
      <Filter>source</Filter>
    </ClInclude>
    <ClInclude Include="source\settings\settings.h">
      <Filter>source\settings</Filter>
    </ClInclude>
    <ClInclude Include="source\features\compression\compression.h">
      <Filter>source\features\compression</Filter>
    </ClInclude>
    <ClInclude Include="source\logic\encrypt\encrypt.h">
      <Filter>source\logic\encrypt</Filter>
    </ClInclude>
    <ClInclude Include="source\logic\decrypt\decrypt.h">
      <Filter>source\logic\decrypt</Filter>
    </ClInclude>
    <ClInclude Include="source\features\s_secretsharing\algorithm\sss.h">
      <Filter>source\features\s_secretsharing\algorithm</Filter>
    </ClInclude>
    <ClInclude Include="source\features\s_secretsharing\sss_shares.h">
      <Filter>source\features\s_secretsharing</Filter>
    </ClInclude>
  </ItemGroup>
</Project>
